{
  "name": "Spring_AI_Training_Course",
  "lockfileVersion": 3,
  "requires": true,
  "packages": {
    "": {
      "devDependencies": {
        "playwright-chromium": "^1.54.1"
      }
    },
    "node_modules/playwright-chromium": {
      "version": "1.54.1",
      "resolved": "https://registry.npmjs.org/playwright-chromium/-/playwright-chromium-1.54.1.tgz",
      "integrity": "sha512-1tOND4/hyQsYng5NLkLm+Ntew+CWBsvVZCcEZ0wafF5BAd9DBQHAT9SO95+QFk5iL5IBEdB6vFdsHf9Ma72vzQ==",
      "dev": true,
      "hasInstallScript": true,
      "license": "Apache-2.0",
      "dependencies": {
        "playwright-core": "1.54.1"
      },
      "bin": {
        "playwright": "cli.js"
      },
      "engines": {
        "node": ">=18"
      }
    },
    "node_modules/playwright-core": {
      "version": "1.54.1",
      "resolved": "https://registry.npmjs.org/playwright-core/-/playwright-core-1.54.1.tgz",
      "integrity": "sha512-Nbjs2zjj0htNhzgiy5wu+3w09YetDx5pkrpI/kZotDlDUaYk0HVA5xrBVPdow4SAUIlhgKcJeJg4GRKW6xHusA==",
      "dev": true,
      "license": "Apache-2.0",
      "bin": {
        "playwright-core": "cli.js"
      },
      "engines": {
        "node": ">=18"
      }
    }
  }
}
